
Microsoft Visual Studio Solution File, Format Version 12.00
# Visual Studio Version 16
VisualStudioVersion = 16.0.30523.141
MinimumVisualStudioVersion = 10.0.40219.1
Project("{FAE04EC0-301F-11D3-BF4B-00C04F79EFBC}") = "schoool management system", "schoool management system\schoool management system.csproj", "{EBDC09F5-72BD-4E24-91EE-46D795C86C13}"
EndProject
Global
	GlobalSection(SolutionConfigurationPlatforms) = preSolution
		Debug|Any CPU = Debug|Any CPU
		Release|Any CPU = Release|Any CPU
	EndGlobalSection
	GlobalSection(ProjectConfigurationPlatforms) = postSolution
		{EBDC09F5-72BD-4E24-91EE-46D795C86C13}.Debug|Any CPU.ActiveCfg = Debug|Any CPU
		{EBDC09F5-72BD-4E24-91EE-46D795C86C13}.Debug|Any CPU.Build.0 = Debug|Any CPU
		{EBDC09F5-72BD-4E24-91EE-46D795C86C13}.Release|Any CPU.ActiveCfg = Release|Any CPU
		{EBDC09F5-72BD-4E24-91EE-46D795C86C13}.Release|Any CPU.Build.0 = Release|Any CPU
	EndGlobalSection
	GlobalSection(SolutionProperties) = preSolution
		HideSolutionNode = FALSE
	EndGlobalSection
	GlobalSection(ExtensibilityGlobals) = postSolution
		SolutionGuid = {75D9E2AF-F3F9-4C6C-8447-5CC5777C6319}
	EndGlobalSection
EndGlobal
